{
  "name": "DayTradeIA",
  "lockfileVersion": 3,
  "requires": true,
  "packages": {
    "": {
      "dependencies": {
        "@prisma/client": "^6.16.1"
      }
    },
    "node_modules/@prisma/client": {
      "version": "6.16.1",
      "resolved": "https://registry.npmjs.org/@prisma/client/-/client-6.16.1.tgz",
      "integrity": "sha512-QaBCOY29lLAxEFFJgBPyW3WInCW52fJeQTmWx/h6YsP5u0bwuqP51aP0uhqFvhK9DaZPwvai/M4tSDYLVE9vRg==",
      "hasInstallScript": true,
      "license": "Apache-2.0",
      "engines": {
        "node": ">=18.18"
      },
      "peerDependencies": {
        "prisma": "*",
        "typescript": ">=5.1.0"
      },
      "peerDependenciesMeta": {
        "prisma": {
          "optional": true
        },
        "typescript": {
          "optional": true
        }
      }
    }
  }
}
